
Microsoft Visual Studio Solution File, Format Version 12.00
# Visual Studio Version 17
VisualStudioVersion = 17.2.32505.173
MinimumVisualStudioVersion = 10.0.40219.1
Project("{FAE04EC0-301F-11D3-BF4B-00C04F79EFBC}") = "Forecast", "Forecast\Forecast.csproj", "{A9D125A5-B1F4-48EE-884B-256F68C2EB29}"
EndProject
Global
	GlobalSection(SolutionConfigurationPlatforms) = preSolution
		Debug|Any CPU = Debug|Any CPU
		Release|Any CPU = Release|Any CPU
	EndGlobalSection
	GlobalSection(ProjectConfigurationPlatforms) = postSolution
		{A9D125A5-B1F4-48EE-884B-256F68C2EB29}.Debug|Any CPU.ActiveCfg = Debug|Any CPU
		{A9D125A5-B1F4-48EE-884B-256F68C2EB29}.Debug|Any CPU.Build.0 = Debug|Any CPU
		{A9D125A5-B1F4-48EE-884B-256F68C2EB29}.Release|Any CPU.ActiveCfg = Release|Any CPU
		{A9D125A5-B1F4-48EE-884B-256F68C2EB29}.Release|Any CPU.Build.0 = Release|Any CPU
	EndGlobalSection
	GlobalSection(SolutionProperties) = preSolution
		HideSolutionNode = FALSE
	EndGlobalSection
	GlobalSection(ExtensibilityGlobals) = postSolution
		SolutionGuid = {07FAFE73-7726-4009-ADD9-3E2B69602CB5}
	EndGlobalSection
EndGlobal
